github.com/agext/levenshtein v1.2.1/go.mod h1:JEDfjyjHDjOF/1e4FlBE/PkbqA9OfWu2ki2W0IB5558=
github.com/agl/ed25519 v0.0.0-20150830182803-278e1ec8e8a6/go.mod h1:WPjqKcmVOxf0XSf3YxCJs6N6AOSrOx3obionmG7T0y0=
github.com/apparentlymart/go-cidr v1.0.0/go.mod h1:EBcsNrHc3zQeuaeCeCtQruQm+n9/YjEn/vI25Lg7Gwc=
github.com/apparentlymart/go-textseg v1.0.0/go.mod h1:z96Txxhf3xSFMPmb5X/1W05FF/Nj9VFpLOpjS5yuumk=
github.com/armon/go-radix v1.0.0/go.mod h1:ufUuZ+zHj4x4TnLV4JWEpy2hxWSpsRywHrMgIH9cCH8=
github.com/aws/aws-sdk-go v1.15.48/go.mod h1:mFuSZ37Z9YOHbQEwBWztmVzqXrEkub65tZoCYDt7FT0=
github.com/beevik/etree v1.0.1/go.mod h1:r8Aw8JqVegEf0w2fDnATrX9VpkMcyFeM0FhwO62wh+A=
github.com/bgentry/go-netrc v0.0.0-20140422174119-9fd32a8b3d3d/go.mod h1:6QX/PXZ00z/TKoufEY6K/a0k6AhaJrQKdFe6OfVXsa4=
github.com/bgentry/speakeasy v0.1.0/go.mod h1:+zsyZBPWlz7T6j88CTgSN5bM796AkVf0kBD4zp0CCIs=
github.com/blang/semver v3.5.1+incompatible/go.mod h1:kRBLl5iJ+tD4TcOOxsy/0fnwebNt5EWlYSAyrTnjyyk=
github.com/davecgh/go-spew v1.1.1/go.mod h1:J7Y8YcW2NihsgmVo/mv3lAwl/skON4iLHjSsI+c5H38=
github.com/fgtdev/fortios-sdk-go v1.0.0 h1:neVdU0/yh4uYUZedti5pJp1bax4fIe4D4j7uUy7cFbM=
github.com/fgtdev/fortios-sdk-go v1.0.0/go.mod h1:emhhnC66YczyzsNJzGoldrozeV5TZUhMbNw5xLYdgzo=
github.com/go-ini/ini v1.25.4/go.mod h1:ByCAeIL28uOIIG0E3PJtZPDL8WnHpFKFOtgjp+3Ies8=
github.com/golang/protobuf v0.0.0-20171113180720-1e59b77b52bf/go.mod h1:6lQm79b+lXiMfvg/cZm0SGofjICqVBUtrP5yJMmIC1U=
github.com/golang/snappy v0.0.0-20180518054509-2e65f85255db/go.mod h1:/XxbfmMg8lxefKM7IXC3fBNl/7bRcc72aCRzEWrmP2Q=
github.com/hashicorp/errwrap v1.0.0/go.mod h1:YH+1FKiLXxHSkmPseP+kNlulaMuP3n2brvKWEqk/Jc4=
github.com/hashicorp/go-cleanhttp v0.5.0/go.mod h1:JpRdi6/HCYpAwUzNwuwqhbovhLtngrth3wmdIIUrZ80=
github.com/hashicorp/go-getter v0.0.0-20180327010114-90bb99a48d86/go.mod h1:6rdJFnhkXnzGOJbvkrdv4t9nLwKcVA+tmbQeUlkIzrU=
github.com/hashicorp/go-hclog v0.0.0-20171005151751-ca137eb4b438/go.mod h1:9bjs9uLqI8l75knNv3lV1kA55veR+WUPSiKIWcQHudI=
github.com/hashicorp/go-multierror v1.0.0/go.mod h1:dHtQlpGsu+cZNNAkkCN/P3hoUDHhCYQXV3UM06sGGrk=
github.com/hashicorp/go-plugin v0.0.0-20170816151819-a5174f84d7f8/go.mod h1:JSqWYsict+jzcj0+xElxyrBQRPNoiWQuddnxArJ7XHQ=
github.com/hashicorp/go-safetemp v1.0.0/go.mod h1:oaerMy3BhqiTbVye6QuFhFtIceqFoDHxNAB65b+Rj1I=
github.com/hashicorp/go-uuid v1.0.0/go.mod h1:6SBZvOh/SIDV7/2o3Jml5SYk/TvGqwFJ/bN7x4byOro=
github.com/hashicorp/go-version v1.0.0/go.mod h1:fltr4n8CU8Ke44wwGCBoEymUuxUHl09ZGVZPK5anwXA=
github.com/hashicorp/hcl v0.0.0-20170504190234-a4b07c25de5f/go.mod h1:oZtUIOe8dh44I2q6ScRibXws4Ajl+d+nod3AaR9vL5w=
github.com/hashicorp/hcl2 v0.0.0-20171003232734-44bad6dbf549/go.mod h1:xp1eMAxqhQKBxz+yQUTsig9bBMRRWRWw+rK3FJmHf/A=
github.com/hashicorp/hil v0.0.0-20170512213305-fac2259da677/go.mod h1:KHvg/R2/dPtaePb16oW4qIyzkMxXOL38xjRN64adsts=
github.com/hashicorp/logutils v1.0.0/go.mod h1:QIAnNjmIWmVIIkWDTG1z5v++HQmx9WQRO+LraFDTW64=
github.com/hashicorp/terraform v0.11.8/go.mod h1:uN1KUiT7Wdg61fPwsGXQwK3c8PmpIVZrt5Vcb1VrSoM=
github.com/hashicorp/vault v0.10.4/go.mod h1:KfSyffbKxoVyspOdlaGVjIuwLobi07qD1bAbosPMpP0=
github.com/hashicorp/yamux v0.0.0-20160720233140-d1caa6c97c9f/go.mod h1:+NfK9FKeTrX5uv1uIXGdwYDTeHna2qgaIlx54MXqjAM=
github.com/jen20/awspolicyequivalence v1.0.0/go.mod h1:PV1fS2xyHhCLp83vbgSMFr2drM4GzG61wkz+k4pOG3E=
github.com/jmespath/go-jmespath v0.0.0-20160202185014-0b12d6b521d8/go.mod h1:Nht3zPeWKUH0NzdCt2Blrr5ys8VGpn0CEB0cQHVjt7k=
github.com/jmespath/go-jmespath v0.0.0-20160803190731-bd40a432e4c7/go.mod h1:Nht3zPeWKUH0NzdCt2Blrr5ys8VGpn0CEB0cQHVjt7k=
github.com/keybase/go-crypto v0.0.0-20161004153544-93f5b35093ba/go.mod h1:ghbZscTyKdM07+Fw3KSi0hcJm+AlEUWj8QLlPtijN/M=
github.com/mattn/go-isatty v0.0.4/go.mod h1:M+lRXTBqGeGNdLjl/ufCoiOlB5xdOkqRJdNxMWT7Zi4=
github.com/mitchellh/cli v0.0.0-20170803042910-8a539dbef410/go.mod h1:oGumspjLm2kTyiT1QMGpFqRlmxnKHfCvhZEVnx+5UeE=
github.com/mitchellh/copystructure v1.0.0/go.mod h1:SNtv71yrdKgLRyLFxmLdkAbkKEFWgYaq1OVrnRcwhnw=
github.com/mitchellh/go-homedir v1.0.0/go.mod h1:SfyaCUpYCn1Vlf4IUYiD9fPX4A5wJrkLzIz1N1q0pr0=
github.com/mitchellh/go-testing-interface v0.0.0-20171004221916-a61a99592b77/go.mod h1:kRemZodwjscx+RGhAo8eIhFbs2+BFgRtFPeD/KE+zxI=
github.com/mitchellh/go-wordwrap v1.0.0/go.mod h1:ZXFpozHsX6DPmq2I0TCekCxypsnAUbP2oI0UX1GXzOo=
github.com/mitchellh/hashstructure v1.0.0/go.mod h1:QjSHrPWS+BGUVBYkbTZWEnOh3G1DutKwClXU/ABz6AQ=
github.com/mitchellh/mapstructure v0.0.0-20170307201123-53818660ed49/go.mod h1:FVVH3fgwuzCH5S8UJGiWEs2h04kUh9fWfEaFds41c1Y=
github.com/mitchellh/mapstructure v1.0.0/go.mod h1:FVVH3fgwuzCH5S8UJGiWEs2h04kUh9fWfEaFds41c1Y=
github.com/mitchellh/reflectwalk v1.0.0/go.mod h1:mSTlrgnPZtwu0c4WaC2kGObEpuNDbx0jmZXqmk4esnw=
github.com/posener/complete v0.0.0-20170730193024-f4461a52b632/go.mod h1:em0nMJCgc9GFtwrmVmEMR/ZL6WyhyjMBndrE9hABlRI=
github.com/terraform-providers/terraform-provider-template v0.1.1/go.mod h1:/J+B8me5DCMa0rEBH5ic2aKPjhtpWNeScmxFJWxB1EU=
github.com/terraform-providers/terraform-provider-tls v0.1.0/go.mod h1:Mxe/v5u31LDW4m32O1z6Ursdh95dpc9Puq6otkYg7tU=
github.com/ulikunitz/xz v0.5.4/go.mod h1:2bypXElzHzzJZwzH67Y6wb67pO62Rzfn7BSiF4ABRW8=
github.com/zclconf/go-cty v0.0.0-20180106055834-709e4033eeb0/go.mod h1:LnDKxj8gN4aatfXUqmUNooaDjvmDcLPbAN3hYBIVoJE=
golang.org/x/crypto v0.0.0-20180110145155-b3c9a1d25cfb/go.mod h1:6SG95UA2DQfeDnfUPMdvaQW0Q7yPrPDi9nlGo2tz2b4=
golang.org/x/net v0.0.0-20171024115130-4b14673ba32b/go.mod h1:mL1N/T3taQHkDXs73rZJwtUhF3w3ftmwwsq0BUmARs4=
golang.org/x/sys v0.0.0-20170803140359-d8f5ea21b929/go.mod h1:STP8DvDyc/dI5b8T5hshtkjS+E42TnysNCUPdjciGhY=
golang.org/x/text v0.0.0-20171024115504-6eab0e8f74e8/go.mod h1:NqM8EUOU14njkJ3fqMW+pc6Ldnwhi/IjpwHt7yyuwOQ=
google.golang.org/genproto v0.0.0-20171002232614-f676e0f3ac63/go.mod h1:JiN7NxoALGmiZfu7CAH4rXhgtRTLTxftemlI0sWmxmc=
google.golang.org/grpc v0.0.0-20171025225919-b5eab4ccac6d/go.mod h1:yo6s7OP7yaDglbqo1J04qKzAhqBH6lvTonzMVmEdcZw=
gopkg.in/check.v1 v0.0.0-20161208181325-20d25e280405/go.mod h1:Co6ibVJAznAaIkqp8huTwlJQCZ016jof/cbN4VW5Yz0=
gopkg.in/yaml.v2 v2.2.1/go.mod h1:hI93XBmqTisBFMUTm0b8Fm+jr3Dg1NNxqwp+5A1VGuI=
